
Microsoft Visual Studio Solution File, Format Version 12.00
# Visual Studio Version 17
VisualStudioVersion = 17.9.34728.123
MinimumVisualStudioVersion = 10.0.40219.1
Project("{2150E333-8FDC-42A3-9474-1A3956D46DE8}") = "src", "src", "{ED64DC9D-53A0-41B9-8CD1-468F1B4F68EA}"
EndProject
Project("{9A19103F-16F7-4668-BE54-9A1E7A4F7556}") = "FinanceManager.API", "src\FinanceManager.API\FinanceManager.API.csproj", "{01E9FD54-43EE-4D2D-9374-B85CC64B527D}"
EndProject
Project("{9A19103F-16F7-4668-BE54-9A1E7A4F7556}") = "FinanceManager.Domain", "src\FinanceManager.Domain\FinanceManager.Domain.csproj", "{A7722B51-B560-4B32-9A62-D0F8953A542E}"
EndProject
Project("{9A19103F-16F7-4668-BE54-9A1E7A4F7556}") = "FinanceManager.Persistence", "src\FinanceManager.Persistence\FinanceManager.Persistence.csproj", "{EE590248-64A5-48D7-BA26-5D0FFDFFFECF}"
EndProject
Project("{9A19103F-16F7-4668-BE54-9A1E7A4F7556}") = "FinanceManager.Application", "src\FinanceManager.Application\FinanceManager.Application.csproj", "{D18BF3E4-D252-4E96-B3C0-D57E6D73F279}"
EndProject
Project("{2150E333-8FDC-42A3-9474-1A3956D46DE8}") = "Элементы решения", "Элементы решения", "{05563D21-8B09-4E19-AE01-987DAC297061}"
	ProjectSection(SolutionItems) = preProject
		docker-compose.yml = docker-compose.yml
	EndProjectSection
EndProject
Global
	GlobalSection(SolutionConfigurationPlatforms) = preSolution
		Debug|Any CPU = Debug|Any CPU
		Release|Any CPU = Release|Any CPU
	EndGlobalSection
	GlobalSection(ProjectConfigurationPlatforms) = postSolution
		{01E9FD54-43EE-4D2D-9374-B85CC64B527D}.Debug|Any CPU.ActiveCfg = Debug|Any CPU
		{01E9FD54-43EE-4D2D-9374-B85CC64B527D}.Debug|Any CPU.Build.0 = Debug|Any CPU
		{01E9FD54-43EE-4D2D-9374-B85CC64B527D}.Release|Any CPU.ActiveCfg = Release|Any CPU
		{01E9FD54-43EE-4D2D-9374-B85CC64B527D}.Release|Any CPU.Build.0 = Release|Any CPU
		{A7722B51-B560-4B32-9A62-D0F8953A542E}.Debug|Any CPU.ActiveCfg = Debug|Any CPU
		{A7722B51-B560-4B32-9A62-D0F8953A542E}.Debug|Any CPU.Build.0 = Debug|Any CPU
		{A7722B51-B560-4B32-9A62-D0F8953A542E}.Release|Any CPU.ActiveCfg = Release|Any CPU
		{A7722B51-B560-4B32-9A62-D0F8953A542E}.Release|Any CPU.Build.0 = Release|Any CPU
		{EE590248-64A5-48D7-BA26-5D0FFDFFFECF}.Debug|Any CPU.ActiveCfg = Debug|Any CPU
		{EE590248-64A5-48D7-BA26-5D0FFDFFFECF}.Debug|Any CPU.Build.0 = Debug|Any CPU
		{EE590248-64A5-48D7-BA26-5D0FFDFFFECF}.Release|Any CPU.ActiveCfg = Release|Any CPU
		{EE590248-64A5-48D7-BA26-5D0FFDFFFECF}.Release|Any CPU.Build.0 = Release|Any CPU
		{D18BF3E4-D252-4E96-B3C0-D57E6D73F279}.Debug|Any CPU.ActiveCfg = Debug|Any CPU
		{D18BF3E4-D252-4E96-B3C0-D57E6D73F279}.Debug|Any CPU.Build.0 = Debug|Any CPU
		{D18BF3E4-D252-4E96-B3C0-D57E6D73F279}.Release|Any CPU.ActiveCfg = Release|Any CPU
		{D18BF3E4-D252-4E96-B3C0-D57E6D73F279}.Release|Any CPU.Build.0 = Release|Any CPU
	EndGlobalSection
	GlobalSection(SolutionProperties) = preSolution
		HideSolutionNode = FALSE
	EndGlobalSection
	GlobalSection(NestedProjects) = preSolution
		{01E9FD54-43EE-4D2D-9374-B85CC64B527D} = {ED64DC9D-53A0-41B9-8CD1-468F1B4F68EA}
		{A7722B51-B560-4B32-9A62-D0F8953A542E} = {ED64DC9D-53A0-41B9-8CD1-468F1B4F68EA}
		{EE590248-64A5-48D7-BA26-5D0FFDFFFECF} = {ED64DC9D-53A0-41B9-8CD1-468F1B4F68EA}
		{D18BF3E4-D252-4E96-B3C0-D57E6D73F279} = {ED64DC9D-53A0-41B9-8CD1-468F1B4F68EA}
	EndGlobalSection
	GlobalSection(ExtensibilityGlobals) = postSolution
		SolutionGuid = {6760521F-A296-4E92-9978-90F783839C22}
	EndGlobalSection
EndGlobal
